{
  "pins" : [
    {
      "identity" : "uiuniversals",
      "kind" : "remoteSourceControl",
      "location" : "https://github.com/Brian-Masse/UIUniversals",
      "state" : {
        "branch" : "main",
        "revision" : "ea78d76be10aaeee117a26de8c4c25545894353f"
      }
    }
  ],
  "version" : 2
}
