{
  "pins" : [
    {
      "identity" : "uiuniversals",
      "kind" : "remoteSourceControl",
      "location" : "https://github.com/Brian-Masse/UIUniversals",
      "state" : {
        "branch" : "main",
        "revision" : "a4bac07dc105333ff84d016fad93406aa291fb75"
      }
    }
  ],
  "version" : 2
}
