{
  "pins" : [
    {
      "identity" : "uiuniversals",
      "kind" : "remoteSourceControl",
      "location" : "https://github.com/Brian-Masse/UIUniversals",
      "state" : {
        "branch" : "main",
        "revision" : "b25d740963bf7c83613d74434eda10ef9ab0c0f0"
      }
    }
  ],
  "version" : 2
}
